// !$*UTF8*$!
{
	archiveVersion = 1;
	classes = {
	};
	objectVersion = 77;
	objects = {

/* Begin PBXBuildFile section */
		486254012ED7352500696B95 /* FirebaseAI in Frameworks */ = {isa = PBXBuildFile; productRef = 486254002ED7352500696B95 /* FirebaseAI */; };
		486254032ED7352500696B95 /* FirebaseAILogic in Frameworks */ = {isa = PBXBuildFile; productRef = 486254022ED7352500696B95 /* FirebaseAILogic */; };
		486254052ED7352500696B95 /* FirebaseAnalytics in Frameworks */ = {isa = PBXBuildFile; productRef = 486254042ED7352500696B95 /* FirebaseAnalytics */; };
		486254072ED7352500696B95 /* FirebaseAnalyticsCore in Frameworks */ = {isa = PBXBuildFile; productRef = 486254062ED7352500696B95 /* FirebaseAnalyticsCore */; };
		486254092ED7352500696B95 /* FirebaseAnalyticsIdentitySupport in Frameworks */ = {isa = PBXBuildFile; productRef = 486254082ED7352500696B95 /* FirebaseAnalyticsIdentitySupport */; };
		4862540B2ED7352500696B95 /* FirebaseAppCheck in Frameworks */ = {isa = PBXBuildFile; productRef = 4862540A2ED7352500696B95 /* FirebaseAppCheck */; };
		4862540D2ED7352500696B95 /* FirebaseAppDistribution-Beta in Frameworks */ = {isa = PBXBuildFile; productRef = 4862540C2ED7352500696B95 /* FirebaseAppDistribution-Beta */; };
		4862540F2ED7352500696B95 /* FirebaseAuth in Frameworks */ = {isa = PBXBuildFile; productRef = 4862540E2ED7352500696B95 /* FirebaseAuth */; };
		486254112ED7352500696B95 /* FirebaseAuthCombine-Community in Frameworks */ = {isa = PBXBuildFile; productRef = 486254102ED7352500696B95 /* FirebaseAuthCombine-Community */; };
		486254132ED7352500696B95 /* FirebaseCore in Frameworks */ = {isa = PBXBuildFile; productRef = 486254122ED7352500696B95 /* FirebaseCore */; };
		486254152ED7352500696B95 /* FirebaseCrashlytics in Frameworks */ = {isa = PBXBuildFile; productRef = 486254142ED7352500696B95 /* FirebaseCrashlytics */; };
		486254172ED7352500696B95 /* FirebaseDatabase in Frameworks */ = {isa = PBXBuildFile; productRef = 486254162ED7352500696B95 /* FirebaseDatabase */; };
		486254192ED7352500696B95 /* FirebaseFirestore in Frameworks */ = {isa = PBXBuildFile; productRef = 486254182ED7352500696B95 /* FirebaseFirestore */; };
		4862541B2ED7352500696B95 /* FirebaseFirestoreCombine-Community in Frameworks */ = {isa = PBXBuildFile; productRef = 4862541A2ED7352500696B95 /* FirebaseFirestoreCombine-Community */; };
		4862541D2ED7352500696B95 /* FirebaseFunctions in Frameworks */ = {isa = PBXBuildFile; productRef = 4862541C2ED7352500696B95 /* FirebaseFunctions */; };
		4862541F2ED7352500696B95 /* FirebaseFunctionsCombine-Community in Frameworks */ = {isa = PBXBuildFile; productRef = 4862541E2ED7352500696B95 /* FirebaseFunctionsCombine-Community */; };
		486254212ED7352500696B95 /* FirebaseInAppMessaging-Beta in Frameworks */ = {isa = PBXBuildFile; productRef = 486254202ED7352500696B95 /* FirebaseInAppMessaging-Beta */; };
		486254232ED7352500696B95 /* FirebaseInstallations in Frameworks */ = {isa = PBXBuildFile; productRef = 486254222ED7352500696B95 /* FirebaseInstallations */; };
		486254252ED7352500696B95 /* FirebaseMLModelDownloader in Frameworks */ = {isa = PBXBuildFile; productRef = 486254242ED7352500696B95 /* FirebaseMLModelDownloader */; };
		486254272ED7352500696B95 /* FirebaseMessaging in Frameworks */ = {isa = PBXBuildFile; productRef = 486254262ED7352500696B95 /* FirebaseMessaging */; };
		486254292ED7352500696B95 /* FirebasePerformance in Frameworks */ = {isa = PBXBuildFile; productRef = 486254282ED7352500696B95 /* FirebasePerformance */; };
		4862542B2ED7352500696B95 /* FirebaseRemoteConfig in Frameworks */ = {isa = PBXBuildFile; productRef = 4862542A2ED7352500696B95 /* FirebaseRemoteConfig */; };
		4862542D2ED7352500696B95 /* FirebaseStorage in Frameworks */ = {isa = PBXBuildFile; productRef = 4862542C2ED7352500696B95 /* FirebaseStorage */; };
		4862542F2ED7352500696B95 /* FirebaseStorageCombine-Community in Frameworks */ = {isa = PBXBuildFile; productRef = 4862542E2ED7352500696B95 /* FirebaseStorageCombine-Community */; };
		486254322ED765CD00696B95 /* Cloudinary in Frameworks */ = {isa = PBXBuildFile; productRef = 486254312ED765CD00696B95 /* Cloudinary */; };
/* End PBXBuildFile section */

/* Begin PBXContainerItemProxy section */
		324258FB2EC906D0008A2654 /* PBXContainerItemProxy */ = {
			isa = PBXContainerItemProxy;
			containerPortal = 324258DC2EC906CF008A2654 /* Project object */;
			proxyType = 1;
			remoteGlobalIDString = 324258E32EC906CF008A2654;
			remoteInfo = Project;
		};
		324259052EC906D0008A2654 /* PBXContainerItemProxy */ = {
			isa = PBXContainerItemProxy;
			containerPortal = 324258DC2EC906CF008A2654 /* Project object */;
			proxyType = 1;
			remoteGlobalIDString = 324258E32EC906CF008A2654;
			remoteInfo = Project;
		};
/* End PBXContainerItemProxy section */

/* Begin PBXFileReference section */
		324258E42EC906CF008A2654 /* Takaffal.app */ = {isa = PBXFileReference; explicitFileType = wrapper.application; includeInIndex = 0; path = Takaffal.app; sourceTree = BUILT_PRODUCTS_DIR; };
		324258FA2EC906D0008A2654 /* TakaffalTests.xctest */ = {isa = PBXFileReference; explicitFileType = wrapper.cfbundle; includeInIndex = 0; path = TakaffalTests.xctest; sourceTree = BUILT_PRODUCTS_DIR; };
		324259042EC906D0008A2654 /* TakaffalUITests.xctest */ = {isa = PBXFileReference; explicitFileType = wrapper.cfbundle; includeInIndex = 0; path = TakaffalUITests.xctest; sourceTree = BUILT_PRODUCTS_DIR; };
/* End PBXFileReference section */

/* Begin PBXFileSystemSynchronizedBuildFileExceptionSet section */
		3242590C2EC906D0008A2654 /* Exceptions for "Project" folder in "Takaffal" target */ = {
			isa = PBXFileSystemSynchronizedBuildFileExceptionSet;
			membershipExceptions = (
				Info.plist,
			);
			target = 324258E32EC906CF008A2654 /* Takaffal */;
		};
/* End PBXFileSystemSynchronizedBuildFileExceptionSet section */

/* Begin PBXFileSystemSynchronizedRootGroup section */
		324258E62EC906CF008A2654 /* Project */ = {
			isa = PBXFileSystemSynchronizedRootGroup;
			exceptions = (
				3242590C2EC906D0008A2654 /* Exceptions for "Project" folder in "Takaffal" target */,
			);
			path = Project;
			sourceTree = "<group>";
		};
		324258FD2EC906D0008A2654 /* ProjectTests */ = {
			isa = PBXFileSystemSynchronizedRootGroup;
			path = ProjectTests;
			sourceTree = "<group>";
		};
		324259072EC906D0008A2654 /* ProjectUITests */ = {
			isa = PBXFileSystemSynchronizedRootGroup;
			path = ProjectUITests;
			sourceTree = "<group>";
		};
/* End PBXFileSystemSynchronizedRootGroup section */

/* Begin PBXFrameworksBuildPhase section */
		324258E12EC906CF008A2654 /* Frameworks */ = {
			isa = PBXFrameworksBuildPhase;
			buildActionMask = 2147483647;
			files = (
				4862540D2ED7352500696B95 /* FirebaseAppDistribution-Beta in Frameworks */,
				486254192ED7352500696B95 /* FirebaseFirestore in Frameworks */,
				486254112ED7352500696B95 /* FirebaseAuthCombine-Community in Frameworks */,
				486254232ED7352500696B95 /* FirebaseInstallations in Frameworks */,
				486254032ED7352500696B95 /* FirebaseAILogic in Frameworks */,
				486254092ED7352500696B95 /* FirebaseAnalyticsIdentitySupport in Frameworks */,
				486254212ED7352500696B95 /* FirebaseInAppMessaging-Beta in Frameworks */,
				486254012ED7352500696B95 /* FirebaseAI in Frameworks */,
				486254152ED7352500696B95 /* FirebaseCrashlytics in Frameworks */,
				4862541F2ED7352500696B95 /* FirebaseFunctionsCombine-Community in Frameworks */,
				4862542F2ED7352500696B95 /* FirebaseStorageCombine-Community in Frameworks */,
				486254172ED7352500696B95 /* FirebaseDatabase in Frameworks */,
				4862542D2ED7352500696B95 /* FirebaseStorage in Frameworks */,
				4862542B2ED7352500696B95 /* FirebaseRemoteConfig in Frameworks */,
				486254052ED7352500696B95 /* FirebaseAnalytics in Frameworks */,
				486254272ED7352500696B95 /* FirebaseMessaging in Frameworks */,
				486254252ED7352500696B95 /* FirebaseMLModelDownloader in Frameworks */,
				486254292ED7352500696B95 /* FirebasePerformance in Frameworks */,
				486254132ED7352500696B95 /* FirebaseCore in Frameworks */,
				4862540B2ED7352500696B95 /* FirebaseAppCheck in Frameworks */,
				486254072ED7352500696B95 /* FirebaseAnalyticsCore in Frameworks */,
				4862541D2ED7352500696B95 /* FirebaseFunctions in Frameworks */,
				486254322ED765CD00696B95 /* Cloudinary in Frameworks */,
				4862540F2ED7352500696B95 /* FirebaseAuth in Frameworks */,
				4862541B2ED7352500696B95 /* FirebaseFirestoreCombine-Community in Frameworks */,
			);
			runOnlyForDeploymentPostprocessing = 0;
		};
		324258F72EC906D0008A2654 /* Frameworks */ = {
			isa = PBXFrameworksBuildPhase;
			buildActionMask = 2147483647;
			files = (
			);
			runOnlyForDeploymentPostprocessing = 0;
		};
		324259012EC906D0008A2654 /* Frameworks */ = {
			isa = PBXFrameworksBuildPhase;
			buildActionMask = 2147483647;
			files = (
			);
			runOnlyForDeploymentPostprocessing = 0;
		};
/* End PBXFrameworksBuildPhase section */

/* Begin PBXGroup section */
		324258DB2EC906CF008A2654 = {
			isa = PBXGroup;
			children = (
				324258E62EC906CF008A2654 /* Project */,
				324258FD2EC906D0008A2654 /* ProjectTests */,
				324259072EC906D0008A2654 /* ProjectUITests */,
				324258E52EC906CF008A2654 /* Products */,
			);
			sourceTree = "<group>";
		};
		324258E52EC906CF008A2654 /* Products */ = {
			isa = PBXGroup;
			children = (
				324258E42EC906CF008A2654 /* Takaffal.app */,
				324258FA2EC906D0008A2654 /* TakaffalTests.xctest */,
				324259042EC906D0008A2654 /* TakaffalUITests.xctest */,
			);
			name = Products;
			sourceTree = "<group>";
		};
/* End PBXGroup section */

/* Begin PBXNativeTarget section */
		324258E32EC906CF008A2654 /* Takaffal */ = {
			isa = PBXNativeTarget;
			buildConfigurationList = 3242590D2EC906D0008A2654 /* Build configuration list for PBXNativeTarget "Takaffal" */;
			buildPhases = (
				324258E02EC906CF008A2654 /* Sources */,
				324258E12EC906CF008A2654 /* Frameworks */,
				324258E22EC906CF008A2654 /* Resources */,
			);
			buildRules = (
			);
			dependencies = (
			);
			fileSystemSynchronizedGroups = (
				324258E62EC906CF008A2654 /* Project */,
			);
			name = Takaffal;
			packageProductDependencies = (
				486254002ED7352500696B95 /* FirebaseAI */,
				486254022ED7352500696B95 /* FirebaseAILogic */,
				486254042ED7352500696B95 /* FirebaseAnalytics */,
				486254062ED7352500696B95 /* FirebaseAnalyticsCore */,
				486254082ED7352500696B95 /* FirebaseAnalyticsIdentitySupport */,
				4862540A2ED7352500696B95 /* FirebaseAppCheck */,
				4862540C2ED7352500696B95 /* FirebaseAppDistribution-Beta */,
				4862540E2ED7352500696B95 /* FirebaseAuth */,
				486254102ED7352500696B95 /* FirebaseAuthCombine-Community */,
				486254122ED7352500696B95 /* FirebaseCore */,
				486254142ED7352500696B95 /* FirebaseCrashlytics */,
				486254162ED7352500696B95 /* FirebaseDatabase */,
				486254182ED7352500696B95 /* FirebaseFirestore */,
				4862541A2ED7352500696B95 /* FirebaseFirestoreCombine-Community */,
				4862541C2ED7352500696B95 /* FirebaseFunctions */,
				4862541E2ED7352500696B95 /* FirebaseFunctionsCombine-Community */,
				486254202ED7352500696B95 /* FirebaseInAppMessaging-Beta */,
				486254222ED7352500696B95 /* FirebaseInstallations */,
				486254242ED7352500696B95 /* FirebaseMLModelDownloader */,
				486254262ED7352500696B95 /* FirebaseMessaging */,
				486254282ED7352500696B95 /* FirebasePerformance */,
				4862542A2ED7352500696B95 /* FirebaseRemoteConfig */,
				4862542C2ED7352500696B95 /* FirebaseStorage */,
				4862542E2ED7352500696B95 /* FirebaseStorageCombine-Community */,
				486254312ED765CD00696B95 /* Cloudinary */,
			);
			productName = Project;
			productReference = 324258E42EC906CF008A2654 /* Takaffal.app */;
			productType = "com.apple.product-type.application";
		};
		324258F92EC906D0008A2654 /* TakaffalTests */ = {
			isa = PBXNativeTarget;
			buildConfigurationList = 324259122EC906D0008A2654 /* Build configuration list for PBXNativeTarget "TakaffalTests" */;
			buildPhases = (
				324258F62EC906D0008A2654 /* Sources */,
				324258F72EC906D0008A2654 /* Frameworks */,
				324258F82EC906D0008A2654 /* Resources */,
			);
			buildRules = (
			);
			dependencies = (
				324258FC2EC906D0008A2654 /* PBXTargetDependency */,
			);
			fileSystemSynchronizedGroups = (
				324258FD2EC906D0008A2654 /* ProjectTests */,
			);
			name = TakaffalTests;
			packageProductDependencies = (
			);
			productName = ProjectTests;
			productReference = 324258FA2EC906D0008A2654 /* TakaffalTests.xctest */;
			productType = "com.apple.product-type.bundle.unit-test";
		};
		324259032EC906D0008A2654 /* TakaffalUITests */ = {
			isa = PBXNativeTarget;
			buildConfigurationList = 324259152EC906D0008A2654 /* Build configuration list for PBXNativeTarget "TakaffalUITests" */;
			buildPhases = (
				324259002EC906D0008A2654 /* Sources */,
				324259012EC906D0008A2654 /* Frameworks */,
				324259022EC906D0008A2654 /* Resources */,
			);
			buildRules = (
			);
			dependencies = (
				324259062EC906D0008A2654 /* PBXTargetDependency */,
			);
			fileSystemSynchronizedGroups = (
				324259072EC906D0008A2654 /* ProjectUITests */,
			);
			name = TakaffalUITests;
			packageProductDependencies = (
			);
			productName = ProjectUITests;
			productReference = 324259042EC906D0008A2654 /* TakaffalUITests.xctest */;
			productType = "com.apple.product-type.bundle.ui-testing";
		};
/* End PBXNativeTarget section */

/* Begin PBXProject section */
		324258DC2EC906CF008A2654 /* Project object */ = {
			isa = PBXProject;
			attributes = {
				BuildIndependentTargetsInParallel = 1;
				LastSwiftUpdateCheck = 1640;
				LastUpgradeCheck = 1640;
				TargetAttributes = {
					324258E32EC906CF008A2654 = {
						CreatedOnToolsVersion = 16.4;
					};
					324258F92EC906D0008A2654 = {
						CreatedOnToolsVersion = 16.4;
						TestTargetID = 324258E32EC906CF008A2654;
					};
					324259032EC906D0008A2654 = {
						CreatedOnToolsVersion = 16.4;
						TestTargetID = 324258E32EC906CF008A2654;
					};
				};
			};
			buildConfigurationList = 324258DF2EC906CF008A2654 /* Build configuration list for PBXProject "Takaffal" */;
			developmentRegion = en;
			hasScannedForEncodings = 0;
			knownRegions = (
				en,
				Base,
			);
			mainGroup = 324258DB2EC906CF008A2654;
			minimizedProjectReferenceProxies = 1;
			packageReferences = (
				486253FF2ED7352500696B95 /* XCRemoteSwiftPackageReference "firebase-ios-sdk" */,
				486254302ED765CD00696B95 /* XCRemoteSwiftPackageReference "cloudinary_ios" */,
			);
			preferredProjectObjectVersion = 77;
			productRefGroup = 324258E52EC906CF008A2654 /* Products */;
			projectDirPath = "";
			projectRoot = "";
			targets = (
				324258E32EC906CF008A2654 /* Takaffal */,
				324258F92EC906D0008A2654 /* TakaffalTests */,
				324259032EC906D0008A2654 /* TakaffalUITests */,
			);
		};
/* End PBXProject section */

/* Begin PBXResourcesBuildPhase section */
		324258E22EC906CF008A2654 /* Resources */ = {
			isa = PBXResourcesBuildPhase;
			buildActionMask = 2147483647;
			files = (
			);
			runOnlyForDeploymentPostprocessing = 0;
		};
		324258F82EC906D0008A2654 /* Resources */ = {
			isa = PBXResourcesBuildPhase;
			buildActionMask = 2147483647;
			files = (
			);
			runOnlyForDeploymentPostprocessing = 0;
		};
		324259022EC906D0008A2654 /* Resources */ = {
			isa = PBXResourcesBuildPhase;
			buildActionMask = 2147483647;
			files = (
			);
			runOnlyForDeploymentPostprocessing = 0;
		};
/* End PBXResourcesBuildPhase section */

/* Begin PBXSourcesBuildPhase section */
		324258E02EC906CF008A2654 /* Sources */ = {
			isa = PBXSourcesBuildPhase;
			buildActionMask = 2147483647;
			files = (
			);
			runOnlyForDeploymentPostprocessing = 0;
		};
		324258F62EC906D0008A2654 /* Sources */ = {
			isa = PBXSourcesBuildPhase;
			buildActionMask = 2147483647;
			files = (
			);
			runOnlyForDeploymentPostprocessing = 0;
		};
		324259002EC906D0008A2654 /* Sources */ = {
			isa = PBXSourcesBuildPhase;
			buildActionMask = 2147483647;
			files = (
			);
			runOnlyForDeploymentPostprocessing = 0;
		};
/* End PBXSourcesBuildPhase section */

/* Begin PBXTargetDependency section */
		324258FC2EC906D0008A2654 /* PBXTargetDependency */ = {
			isa = PBXTargetDependency;
			target = 324258E32EC906CF008A2654 /* Takaffal */;
			targetProxy = 324258FB2EC906D0008A2654 /* PBXContainerItemProxy */;
		};
		324259062EC906D0008A2654 /* PBXTargetDependency */ = {
			isa = PBXTargetDependency;
			target = 324258E32EC906CF008A2654 /* Takaffal */;
			targetProxy = 324259052EC906D0008A2654 /* PBXContainerItemProxy */;
		};
/* End PBXTargetDependency section */

/* Begin XCBuildConfiguration section */
		3242590E2EC906D0008A2654 /* Debug */ = {
			isa = XCBuildConfiguration;
			buildSettings = {
				ASSETCATALOG_COMPILER_APPICON_NAME = AppIcon;
				ASSETCATALOG_COMPILER_GLOBAL_ACCENT_COLOR_NAME = AccentColor;
				CODE_SIGN_STYLE = Automatic;
				CURRENT_PROJECT_VERSION = 1;
				GENERATE_INFOPLIST_FILE = YES;
				INFOPLIST_FILE = Project/Info.plist;
				INFOPLIST_KEY_UIApplicationSupportsIndirectInputEvents = YES;
				INFOPLIST_KEY_UILaunchStoryboardName = LaunchScreen.storyboard;
				INFOPLIST_KEY_UIMainStoryboardFile = Main;
				INFOPLIST_KEY_UIStatusBarStyle = "";
				INFOPLIST_KEY_UISupportedInterfaceOrientations_iPad = "UIInterfaceOrientationPortrait UIInterfaceOrientationPortraitUpsideDown UIInterfaceOrientationLandscapeLeft UIInterfaceOrientationLandscapeRight";
				INFOPLIST_KEY_UISupportedInterfaceOrientations_iPhone = "UIInterfaceOrientationPortrait UIInterfaceOrientationLandscapeLeft UIInterfaceOrientationLandscapeRight";
				LD_RUNPATH_SEARCH_PATHS = (
					"$(inherited)",
					"@executable_path/Frameworks",
				);
				MARKETING_VERSION = 1.0;
				PRODUCT_BUNDLE_IDENTIFIER = polytechnic.Project;
				PRODUCT_NAME = "$(TARGET_NAME)";
				SWIFT_EMIT_LOC_STRINGS = YES;
				SWIFT_VERSION = 5.0;
				TARGETED_DEVICE_FAMILY = "1,2";
			};
			name = Debug;
		};
		3242590F2EC906D0008A2654 /* Release */ = {
			isa = XCBuildConfiguration;
			buildSettings = {
				ASSETCATALOG_COMPILER_APPICON_NAME = AppIcon;
				ASSETCATALOG_COMPILER_GLOBAL_ACCENT_COLOR_NAME = AccentColor;
				CODE_SIGN_STYLE = Automatic;
				CURRENT_PROJECT_VERSION = 1;
				GENERATE_INFOPLIST_FILE = YES;
				INFOPLIST_FILE = Project/Info.plist;
				INFOPLIST_KEY_UIApplicationSupportsIndirectInputEvents = YES;
				INFOPLIST_KEY_UILaunchStoryboardName = LaunchScreen.storyboard;
				INFOPLIST_KEY_UIMainStoryboardFile = Main;
				INFOPLIST_KEY_UIStatusBarStyle = "";
				INFOPLIST_KEY_UISupportedInterfaceOrientations_iPad = "UIInterfaceOrientationPortrait UIInterfaceOrientationPortraitUpsideDown UIInterfaceOrientationLandscapeLeft UIInterfaceOrientationLandscapeRight";
				INFOPLIST_KEY_UISupportedInterfaceOrientations_iPhone = "UIInterfaceOrientationPortrait UIInterfaceOrientationLandscapeLeft UIInterfaceOrientationLandscapeRight";
				LD_RUNPATH_SEARCH_PATHS = (
					"$(inherited)",
					"@executable_path/Frameworks",
				);
				MARKETING_VERSION = 1.0;
				PRODUCT_BUNDLE_IDENTIFIER = polytechnic.Project;
				PRODUCT_NAME = "$(TARGET_NAME)";
				SWIFT_EMIT_LOC_STRINGS = YES;
				SWIFT_VERSION = 5.0;
				TARGETED_DEVICE_FAMILY = "1,2";
			};
			name = Release;
		};
		324259102EC906D0008A2654 /* Debug */ = {
			isa = XCBuildConfiguration;
			buildSettings = {
				ALWAYS_SEARCH_USER_PATHS = NO;
				ASSETCATALOG_COMPILER_GENERATE_SWIFT_ASSET_SYMBOL_EXTENSIONS = YES;
				CLANG_ANALYZER_NONNULL = YES;
				CLANG_ANALYZER_NUMBER_OBJECT_CONVERSION = YES_AGGRESSIVE;
				CLANG_CXX_LANGUAGE_STANDARD = "gnu++20";
				CLANG_ENABLE_MODULES = YES;
				CLANG_ENABLE_OBJC_ARC = YES;
				CLANG_ENABLE_OBJC_WEAK = YES;
				CLANG_WARN_BLOCK_CAPTURE_AUTORELEASING = YES;
				CLANG_WARN_BOOL_CONVERSION = YES;
				CLANG_WARN_COMMA = YES;
				CLANG_WARN_CONSTANT_CONVERSION = YES;
				CLANG_WARN_DEPRECATED_OBJC_IMPLEMENTATIONS = YES;
				CLANG_WARN_DIRECT_OBJC_ISA_USAGE = YES_ERROR;
				CLANG_WARN_DOCUMENTATION_COMMENTS = YES;
				CLANG_WARN_EMPTY_BODY = YES;
				CLANG_WARN_ENUM_CONVERSION = YES;
				CLANG_WARN_INFINITE_RECURSION = YES;
				CLANG_WARN_INT_CONVERSION = YES;
				CLANG_WARN_NON_LITERAL_NULL_CONVERSION = YES;
				CLANG_WARN_OBJC_IMPLICIT_RETAIN_SELF = YES;
				CLANG_WARN_OBJC_LITERAL_CONVERSION = YES;
				CLANG_WARN_OBJC_ROOT_CLASS = YES_ERROR;
				CLANG_WARN_QUOTED_INCLUDE_IN_FRAMEWORK_HEADER = YES;
				CLANG_WARN_RANGE_LOOP_ANALYSIS = YES;
				CLANG_WARN_STRICT_PROTOTYPES = YES;
				CLANG_WARN_SUSPICIOUS_MOVE = YES;
				CLANG_WARN_UNGUARDED_AVAILABILITY = YES_AGGRESSIVE;
				CLANG_WARN_UNREACHABLE_CODE = YES;
				CLANG_WARN__DUPLICATE_METHOD_MATCH = YES;
				COPY_PHASE_STRIP = NO;
				DEBUG_INFORMATION_FORMAT = dwarf;
				ENABLE_STRICT_OBJC_MSGSEND = YES;
				ENABLE_TESTABILITY = YES;
				ENABLE_USER_SCRIPT_SANDBOXING = YES;
				GCC_C_LANGUAGE_STANDARD = gnu17;
				GCC_DYNAMIC_NO_PIC = NO;
				GCC_NO_COMMON_BLOCKS = YES;
				GCC_OPTIMIZATION_LEVEL = 0;
				GCC_PREPROCESSOR_DEFINITIONS = (
					"DEBUG=1",
					"$(inherited)",
				);
				GCC_WARN_64_TO_32_BIT_CONVERSION = YES;
				GCC_WARN_ABOUT_RETURN_TYPE = YES_ERROR;
				GCC_WARN_UNDECLARED_SELECTOR = YES;
				GCC_WARN_UNINITIALIZED_AUTOS = YES_AGGRESSIVE;
				GCC_WARN_UNUSED_FUNCTION = YES;
				GCC_WARN_UNUSED_VARIABLE = YES;
				IPHONEOS_DEPLOYMENT_TARGET = 18.5;
				LOCALIZATION_PREFERS_STRING_CATALOGS = YES;
				MTL_ENABLE_DEBUG_INFO = INCLUDE_SOURCE;
				MTL_FAST_MATH = YES;
				ONLY_ACTIVE_ARCH = YES;
				SDKROOT = iphoneos;
				SWIFT_ACTIVE_COMPILATION_CONDITIONS = "DEBUG $(inherited)";
				SWIFT_OPTIMIZATION_LEVEL = "-Onone";
			};
			name = Debug;
		};
		324259112EC906D0008A2654 /* Release */ = {
			isa = XCBuildConfiguration;
			buildSettings = {
				ALWAYS_SEARCH_USER_PATHS = NO;
				ASSETCATALOG_COMPILER_GENERATE_SWIFT_ASSET_SYMBOL_EXTENSIONS = YES;
				CLANG_ANALYZER_NONNULL = YES;
				CLANG_ANALYZER_NUMBER_OBJECT_CONVERSION = YES_AGGRESSIVE;
				CLANG_CXX_LANGUAGE_STANDARD = "gnu++20";
				CLANG_ENABLE_MODULES = YES;
				CLANG_ENABLE_OBJC_ARC = YES;
				CLANG_ENABLE_OBJC_WEAK = YES;
				CLANG_WARN_BLOCK_CAPTURE_AUTORELEASING = YES;
				CLANG_WARN_BOOL_CONVERSION = YES;
				CLANG_WARN_COMMA = YES;
				CLANG_WARN_CONSTANT_CONVERSION = YES;
				CLANG_WARN_DEPRECATED_OBJC_IMPLEMENTATIONS = YES;
				CLANG_WARN_DIRECT_OBJC_ISA_USAGE = YES_ERROR;
				CLANG_WARN_DOCUMENTATION_COMMENTS = YES;
				CLANG_WARN_EMPTY_BODY = YES;
				CLANG_WARN_ENUM_CONVERSION = YES;
				CLANG_WARN_INFINITE_RECURSION = YES;
				CLANG_WARN_INT_CONVERSION = YES;
				CLANG_WARN_NON_LITERAL_NULL_CONVERSION = YES;
				CLANG_WARN_OBJC_IMPLICIT_RETAIN_SELF = YES;
				CLANG_WARN_OBJC_LITERAL_CONVERSION = YES;
				CLANG_WARN_OBJC_ROOT_CLASS = YES_ERROR;
				CLANG_WARN_QUOTED_INCLUDE_IN_FRAMEWORK_HEADER = YES;
				CLANG_WARN_RANGE_LOOP_ANALYSIS = YES;
				CLANG_WARN_STRICT_PROTOTYPES = YES;
				CLANG_WARN_SUSPICIOUS_MOVE = YES;
				CLANG_WARN_UNGUARDED_AVAILABILITY = YES_AGGRESSIVE;
				CLANG_WARN_UNREACHABLE_CODE = YES;
				CLANG_WARN__DUPLICATE_METHOD_MATCH = YES;
				COPY_PHASE_STRIP = NO;
				DEBUG_INFORMATION_FORMAT = "dwarf-with-dsym";
				ENABLE_NS_ASSERTIONS = NO;
				ENABLE_STRICT_OBJC_MSGSEND = YES;
				ENABLE_USER_SCRIPT_SANDBOXING = YES;
				GCC_C_LANGUAGE_STANDARD = gnu17;
				GCC_NO_COMMON_BLOCKS = YES;
				GCC_WARN_64_TO_32_BIT_CONVERSION = YES;
				GCC_WARN_ABOUT_RETURN_TYPE = YES_ERROR;
				GCC_WARN_UNDECLARED_SELECTOR = YES;
				GCC_WARN_UNINITIALIZED_AUTOS = YES_AGGRESSIVE;
				GCC_WARN_UNUSED_FUNCTION = YES;
				GCC_WARN_UNUSED_VARIABLE = YES;
				IPHONEOS_DEPLOYMENT_TARGET = 18.5;
				LOCALIZATION_PREFERS_STRING_CATALOGS = YES;
				MTL_ENABLE_DEBUG_INFO = NO;
				MTL_FAST_MATH = YES;
				SDKROOT = iphoneos;
				SWIFT_COMPILATION_MODE = wholemodule;
				VALIDATE_PRODUCT = YES;
			};
			name = Release;
		};
		324259132EC906D0008A2654 /* Debug */ = {
			isa = XCBuildConfiguration;
			buildSettings = {
				BUNDLE_LOADER = "$(TEST_HOST)";
				CODE_SIGN_STYLE = Automatic;
				CURRENT_PROJECT_VERSION = 1;
				GENERATE_INFOPLIST_FILE = YES;
				IPHONEOS_DEPLOYMENT_TARGET = 18.5;
				MARKETING_VERSION = 1.0;
				PRODUCT_BUNDLE_IDENTIFIER = polytechnic.ProjectTests;
				PRODUCT_NAME = "$(TARGET_NAME)";
				SWIFT_EMIT_LOC_STRINGS = NO;
				SWIFT_VERSION = 5.0;
				TARGETED_DEVICE_FAMILY = "1,2";
				TEST_HOST = "$(BUILT_PRODUCTS_DIR)/Takaffal.app/$(BUNDLE_EXECUTABLE_FOLDER_PATH)/Takaffal";
			};
			name = Debug;
		};
		324259142EC906D0008A2654 /* Release */ = {
			isa = XCBuildConfiguration;
			buildSettings = {
				BUNDLE_LOADER = "$(TEST_HOST)";
				CODE_SIGN_STYLE = Automatic;
				CURRENT_PROJECT_VERSION = 1;
				GENERATE_INFOPLIST_FILE = YES;
				IPHONEOS_DEPLOYMENT_TARGET = 18.5;
				MARKETING_VERSION = 1.0;
				PRODUCT_BUNDLE_IDENTIFIER = polytechnic.ProjectTests;
				PRODUCT_NAME = "$(TARGET_NAME)";
				SWIFT_EMIT_LOC_STRINGS = NO;
				SWIFT_VERSION = 5.0;
				TARGETED_DEVICE_FAMILY = "1,2";
				TEST_HOST = "$(BUILT_PRODUCTS_DIR)/Takaffal.app/$(BUNDLE_EXECUTABLE_FOLDER_PATH)/Takaffal";
			};
			name = Release;
		};
		324259162EC906D0008A2654 /* Debug */ = {
			isa = XCBuildConfiguration;
			buildSettings = {
				CODE_SIGN_STYLE = Automatic;
				CURRENT_PROJECT_VERSION = 1;
				GENERATE_INFOPLIST_FILE = YES;
				MARKETING_VERSION = 1.0;
				PRODUCT_BUNDLE_IDENTIFIER = polytechnic.ProjectUITests;
				PRODUCT_NAME = "$(TARGET_NAME)";
				SWIFT_EMIT_LOC_STRINGS = NO;
				SWIFT_VERSION = 5.0;
				TARGETED_DEVICE_FAMILY = "1,2";
				TEST_TARGET_NAME = Project;
			};
			name = Debug;
		};
		324259172EC906D0008A2654 /* Release */ = {
			isa = XCBuildConfiguration;
			buildSettings = {
				CODE_SIGN_STYLE = Automatic;
				CURRENT_PROJECT_VERSION = 1;
				GENERATE_INFOPLIST_FILE = YES;
				MARKETING_VERSION = 1.0;
				PRODUCT_BUNDLE_IDENTIFIER = polytechnic.ProjectUITests;
				PRODUCT_NAME = "$(TARGET_NAME)";
				SWIFT_EMIT_LOC_STRINGS = NO;
				SWIFT_VERSION = 5.0;
				TARGETED_DEVICE_FAMILY = "1,2";
				TEST_TARGET_NAME = Project;
			};
			name = Release;
		};
/* End XCBuildConfiguration section */

/* Begin XCConfigurationList section */
		324258DF2EC906CF008A2654 /* Build configuration list for PBXProject "Takaffal" */ = {
			isa = XCConfigurationList;
			buildConfigurations = (
				324259102EC906D0008A2654 /* Debug */,
				324259112EC906D0008A2654 /* Release */,
			);
			defaultConfigurationIsVisible = 0;
			defaultConfigurationName = Release;
		};
		3242590D2EC906D0008A2654 /* Build configuration list for PBXNativeTarget "Takaffal" */ = {
			isa = XCConfigurationList;
			buildConfigurations = (
				3242590E2EC906D0008A2654 /* Debug */,
				3242590F2EC906D0008A2654 /* Release */,
			);
			defaultConfigurationIsVisible = 0;
			defaultConfigurationName = Release;
		};
		324259122EC906D0008A2654 /* Build configuration list for PBXNativeTarget "TakaffalTests" */ = {
			isa = XCConfigurationList;
			buildConfigurations = (
				324259132EC906D0008A2654 /* Debug */,
				324259142EC906D0008A2654 /* Release */,
			);
			defaultConfigurationIsVisible = 0;
			defaultConfigurationName = Release;
		};
		324259152EC906D0008A2654 /* Build configuration list for PBXNativeTarget "TakaffalUITests" */ = {
			isa = XCConfigurationList;
			buildConfigurations = (
				324259162EC906D0008A2654 /* Debug */,
				324259172EC906D0008A2654 /* Release */,
			);
			defaultConfigurationIsVisible = 0;
			defaultConfigurationName = Release;
		};
/* End XCConfigurationList section */

/* Begin XCRemoteSwiftPackageReference section */
		486253FF2ED7352500696B95 /* XCRemoteSwiftPackageReference "firebase-ios-sdk" */ = {
			isa = XCRemoteSwiftPackageReference;
			repositoryURL = "https://github.com/firebase/firebase-ios-sdk";
			requirement = {
				kind = upToNextMajorVersion;
				minimumVersion = 12.6.0;
			};
		};
		486254302ED765CD00696B95 /* XCRemoteSwiftPackageReference "cloudinary_ios" */ = {
			isa = XCRemoteSwiftPackageReference;
			repositoryURL = "https://github.com/cloudinary/cloudinary_ios.git";
			requirement = {
				kind = upToNextMajorVersion;
				minimumVersion = 5.2.3;
			};
		};
/* End XCRemoteSwiftPackageReference section */

/* Begin XCSwiftPackageProductDependency section */
		486254002ED7352500696B95 /* FirebaseAI */ = {
			isa = XCSwiftPackageProductDependency;
			package = 486253FF2ED7352500696B95 /* XCRemoteSwiftPackageReference "firebase-ios-sdk" */;
			productName = FirebaseAI;
		};
		486254022ED7352500696B95 /* FirebaseAILogic */ = {
			isa = XCSwiftPackageProductDependency;
			package = 486253FF2ED7352500696B95 /* XCRemoteSwiftPackageReference "firebase-ios-sdk" */;
			productName = FirebaseAILogic;
		};
		486254042ED7352500696B95 /* FirebaseAnalytics */ = {
			isa = XCSwiftPackageProductDependency;
			package = 486253FF2ED7352500696B95 /* XCRemoteSwiftPackageReference "firebase-ios-sdk" */;
			productName = FirebaseAnalytics;
		};
		486254062ED7352500696B95 /* FirebaseAnalyticsCore */ = {
			isa = XCSwiftPackageProductDependency;
			package = 486253FF2ED7352500696B95 /* XCRemoteSwiftPackageReference "firebase-ios-sdk" */;
			productName = FirebaseAnalyticsCore;
		};
		486254082ED7352500696B95 /* FirebaseAnalyticsIdentitySupport */ = {
			isa = XCSwiftPackageProductDependency;
			package = 486253FF2ED7352500696B95 /* XCRemoteSwiftPackageReference "firebase-ios-sdk" */;
			productName = FirebaseAnalyticsIdentitySupport;
		};
		4862540A2ED7352500696B95 /* FirebaseAppCheck */ = {
			isa = XCSwiftPackageProductDependency;
			package = 486253FF2ED7352500696B95 /* XCRemoteSwiftPackageReference "firebase-ios-sdk" */;
			productName = FirebaseAppCheck;
		};
		4862540C2ED7352500696B95 /* FirebaseAppDistribution-Beta */ = {
			isa = XCSwiftPackageProductDependency;
			package = 486253FF2ED7352500696B95 /* XCRemoteSwiftPackageReference "firebase-ios-sdk" */;
			productName = "FirebaseAppDistribution-Beta";
		};
		4862540E2ED7352500696B95 /* FirebaseAuth */ = {
			isa = XCSwiftPackageProductDependency;
			package = 486253FF2ED7352500696B95 /* XCRemoteSwiftPackageReference "firebase-ios-sdk" */;
			productName = FirebaseAuth;
		};
		486254102ED7352500696B95 /* FirebaseAuthCombine-Community */ = {
			isa = XCSwiftPackageProductDependency;
			package = 486253FF2ED7352500696B95 /* XCRemoteSwiftPackageReference "firebase-ios-sdk" */;
			productName = "FirebaseAuthCombine-Community";
		};
		486254122ED7352500696B95 /* FirebaseCore */ = {
			isa = XCSwiftPackageProductDependency;
			package = 486253FF2ED7352500696B95 /* XCRemoteSwiftPackageReference "firebase-ios-sdk" */;
			productName = FirebaseCore;
		};
		486254142ED7352500696B95 /* FirebaseCrashlytics */ = {
			isa = XCSwiftPackageProductDependency;
			package = 486253FF2ED7352500696B95 /* XCRemoteSwiftPackageReference "firebase-ios-sdk" */;
			productName = FirebaseCrashlytics;
		};
		486254162ED7352500696B95 /* FirebaseDatabase */ = {
			isa = XCSwiftPackageProductDependency;
			package = 486253FF2ED7352500696B95 /* XCRemoteSwiftPackageReference "firebase-ios-sdk" */;
			productName = FirebaseDatabase;
		};
		486254182ED7352500696B95 /* FirebaseFirestore */ = {
			isa = XCSwiftPackageProductDependency;
			package = 486253FF2ED7352500696B95 /* XCRemoteSwiftPackageReference "firebase-ios-sdk" */;
			productName = FirebaseFirestore;
		};
		4862541A2ED7352500696B95 /* FirebaseFirestoreCombine-Community */ = {
			isa = XCSwiftPackageProductDependency;
			package = 486253FF2ED7352500696B95 /* XCRemoteSwiftPackageReference "firebase-ios-sdk" */;
			productName = "FirebaseFirestoreCombine-Community";
		};
		4862541C2ED7352500696B95 /* FirebaseFunctions */ = {
			isa = XCSwiftPackageProductDependency;
			package = 486253FF2ED7352500696B95 /* XCRemoteSwiftPackageReference "firebase-ios-sdk" */;
			productName = FirebaseFunctions;
		};
		4862541E2ED7352500696B95 /* FirebaseFunctionsCombine-Community */ = {
			isa = XCSwiftPackageProductDependency;
			package = 486253FF2ED7352500696B95 /* XCRemoteSwiftPackageReference "firebase-ios-sdk" */;
			productName = "FirebaseFunctionsCombine-Community";
		};
		486254202ED7352500696B95 /* FirebaseInAppMessaging-Beta */ = {
			isa = XCSwiftPackageProductDependency;
			package = 486253FF2ED7352500696B95 /* XCRemoteSwiftPackageReference "firebase-ios-sdk" */;
			productName = "FirebaseInAppMessaging-Beta";
		};
		486254222ED7352500696B95 /* FirebaseInstallations */ = {
			isa = XCSwiftPackageProductDependency;
			package = 486253FF2ED7352500696B95 /* XCRemoteSwiftPackageReference "firebase-ios-sdk" */;
			productName = FirebaseInstallations;
		};
		486254242ED7352500696B95 /* FirebaseMLModelDownloader */ = {
			isa = XCSwiftPackageProductDependency;
			package = 486253FF2ED7352500696B95 /* XCRemoteSwiftPackageReference "firebase-ios-sdk" */;
			productName = FirebaseMLModelDownloader;
		};
		486254262ED7352500696B95 /* FirebaseMessaging */ = {
			isa = XCSwiftPackageProductDependency;
			package = 486253FF2ED7352500696B95 /* XCRemoteSwiftPackageReference "firebase-ios-sdk" */;
			productName = FirebaseMessaging;
		};
		486254282ED7352500696B95 /* FirebasePerformance */ = {
			isa = XCSwiftPackageProductDependency;
			package = 486253FF2ED7352500696B95 /* XCRemoteSwiftPackageReference "firebase-ios-sdk" */;
			productName = FirebasePerformance;
		};
		4862542A2ED7352500696B95 /* FirebaseRemoteConfig */ = {
			isa = XCSwiftPackageProductDependency;
			package = 486253FF2ED7352500696B95 /* XCRemoteSwiftPackageReference "firebase-ios-sdk" */;
			productName = FirebaseRemoteConfig;
		};
		4862542C2ED7352500696B95 /* FirebaseStorage */ = {
			isa = XCSwiftPackageProductDependency;
			package = 486253FF2ED7352500696B95 /* XCRemoteSwiftPackageReference "firebase-ios-sdk" */;
			productName = FirebaseStorage;
		};
		4862542E2ED7352500696B95 /* FirebaseStorageCombine-Community */ = {
			isa = XCSwiftPackageProductDependency;
			package = 486253FF2ED7352500696B95 /* XCRemoteSwiftPackageReference "firebase-ios-sdk" */;
			productName = "FirebaseStorageCombine-Community";
		};
		486254312ED765CD00696B95 /* Cloudinary */ = {
			isa = XCSwiftPackageProductDependency;
			package = 486254302ED765CD00696B95 /* XCRemoteSwiftPackageReference "cloudinary_ios" */;
			productName = Cloudinary;
		};
/* End XCSwiftPackageProductDependency section */
	};
	rootObject = 324258DC2EC906CF008A2654 /* Project object */;
}
